
Microsoft Visual Studio Solution File, Format Version 12.00
# Visual Studio 15
VisualStudioVersion = 15.0.26124.0
MinimumVisualStudioVersion = 15.0.26124.0
Project("{FAE04EC0-301F-11D3-BF4B-00C04F79EFBC}") = "lib1", "lib1\lib1.csproj", "{C7085004-13C9-45D5-8320-C81BE11319E1}"
EndProject
Project("{FAE04EC0-301F-11D3-BF4B-00C04F79EFBC}") = "lib10", "lib10\lib10.csproj", "{25C09109-5A4C-4584-A0A2-7507E7C19ED9}"
EndProject
Project("{FAE04EC0-301F-11D3-BF4B-00C04F79EFBC}") = "lib2", "lib2\lib2.csproj", "{2654BD66-562D-40D4-B97F-552F6A99EFB8}"
EndProject
Project("{FAE04EC0-301F-11D3-BF4B-00C04F79EFBC}") = "lib3", "lib3\lib3.csproj", "{29E3415A-431A-4ACE-B12A-49769331C04F}"
EndProject
Project("{FAE04EC0-301F-11D3-BF4B-00C04F79EFBC}") = "lib4", "lib4\lib4.csproj", "{85A2AF21-8EE6-424C-A4FC-5DE1C7CDE546}"
EndProject
Project("{FAE04EC0-301F-11D3-BF4B-00C04F79EFBC}") = "lib5", "lib5\lib5.csproj", "{E060912F-6375-4DA2-ABDA-874B844E8E2B}"
EndProject
Project("{FAE04EC0-301F-11D3-BF4B-00C04F79EFBC}") = "lib6", "lib6\lib6.csproj", "{C3D063D4-5A8A-401F-A6EE-FC946B478C48}"
EndProject
Project("{FAE04EC0-301F-11D3-BF4B-00C04F79EFBC}") = "lib7", "lib7\lib7.csproj", "{4712B5BC-3C6D-47C1-9D2E-78B715EE54E3}"
EndProject
Project("{FAE04EC0-301F-11D3-BF4B-00C04F79EFBC}") = "lib8", "lib8\lib8.csproj", "{A62D6DD1-806A-4239-8C43-4B87CDAE184B}"
EndProject
Project("{FAE04EC0-301F-11D3-BF4B-00C04F79EFBC}") = "lib9", "lib9\lib9.csproj", "{768BD7F4-D64E-41D0-AA67-DD28EF7E77A7}"
EndProject
Project("{FAE04EC0-301F-11D3-BF4B-00C04F79EFBC}") = "lib11", "lib11\lib11.csproj", "{84CA6271-40BC-49C3-9C06-AE29841CF3FA}"
EndProject
Project("{FAE04EC0-301F-11D3-BF4B-00C04F79EFBC}") = "lib12", "lib12\lib12.csproj", "{2AB17748-7158-4BE9-BF17-D575B57AB43D}"
EndProject
Project("{FAE04EC0-301F-11D3-BF4B-00C04F79EFBC}") = "lib13", "lib13\lib13.csproj", "{93339F68-E04C-416F-A049-B88092B9F9BF}"
EndProject
Project("{FAE04EC0-301F-11D3-BF4B-00C04F79EFBC}") = "lib14", "lib14\lib14.csproj", "{6EB2EA0B-4E04-4985-9231-4CF80DEE996C}"
EndProject
Project("{FAE04EC0-301F-11D3-BF4B-00C04F79EFBC}") = "lib15", "lib15\lib15.csproj", "{93CC7414-F239-449C-BD70-9CA68E6CC97B}"
EndProject
Project("{FAE04EC0-301F-11D3-BF4B-00C04F79EFBC}") = "lib16", "lib16\lib16.csproj", "{93F42771-FECD-42A2-86EB-7AFF5153300E}"
EndProject
Project("{FAE04EC0-301F-11D3-BF4B-00C04F79EFBC}") = "lib17", "lib17\lib17.csproj", "{6919533D-D38E-4E97-A156-A216F2C8E675}"
EndProject
Project("{FAE04EC0-301F-11D3-BF4B-00C04F79EFBC}") = "lib18", "lib18\lib18.csproj", "{CE13CB4A-3003-41D8-B252-B090129FEE9C}"
EndProject
Project("{FAE04EC0-301F-11D3-BF4B-00C04F79EFBC}") = "lib19", "lib19\lib19.csproj", "{5B630E50-5BCC-4BBA-B609-8D1498E73811}"
EndProject
Project("{FAE04EC0-301F-11D3-BF4B-00C04F79EFBC}") = "lib20", "lib20\lib20.csproj", "{E4142B5B-F528-4DF6-BECD-DD09DF395AD5}"
EndProject
Global
	GlobalSection(SolutionConfigurationPlatforms) = preSolution
		Debug|Any CPU = Debug|Any CPU
		Debug|x64 = Debug|x64
		Debug|x86 = Debug|x86
		Release|Any CPU = Release|Any CPU
		Release|x64 = Release|x64
		Release|x86 = Release|x86
	EndGlobalSection
	GlobalSection(SolutionProperties) = preSolution
		HideSolutionNode = FALSE
	EndGlobalSection
	GlobalSection(ProjectConfigurationPlatforms) = postSolution
		{C7085004-13C9-45D5-8320-C81BE11319E1}.Debug|Any CPU.ActiveCfg = Debug|Any CPU
		{C7085004-13C9-45D5-8320-C81BE11319E1}.Debug|Any CPU.Build.0 = Debug|Any CPU
		{C7085004-13C9-45D5-8320-C81BE11319E1}.Debug|x64.ActiveCfg = Debug|x64
		{C7085004-13C9-45D5-8320-C81BE11319E1}.Debug|x64.Build.0 = Debug|x64
		{C7085004-13C9-45D5-8320-C81BE11319E1}.Debug|x86.ActiveCfg = Debug|x86
		{C7085004-13C9-45D5-8320-C81BE11319E1}.Debug|x86.Build.0 = Debug|x86
		{C7085004-13C9-45D5-8320-C81BE11319E1}.Release|Any CPU.ActiveCfg = Release|Any CPU
		{C7085004-13C9-45D5-8320-C81BE11319E1}.Release|Any CPU.Build.0 = Release|Any CPU
		{C7085004-13C9-45D5-8320-C81BE11319E1}.Release|x64.ActiveCfg = Release|x64
		{C7085004-13C9-45D5-8320-C81BE11319E1}.Release|x64.Build.0 = Release|x64
		{C7085004-13C9-45D5-8320-C81BE11319E1}.Release|x86.ActiveCfg = Release|x86
		{C7085004-13C9-45D5-8320-C81BE11319E1}.Release|x86.Build.0 = Release|x86
		{25C09109-5A4C-4584-A0A2-7507E7C19ED9}.Debug|Any CPU.ActiveCfg = Debug|Any CPU
		{25C09109-5A4C-4584-A0A2-7507E7C19ED9}.Debug|Any CPU.Build.0 = Debug|Any CPU
		{25C09109-5A4C-4584-A0A2-7507E7C19ED9}.Debug|x64.ActiveCfg = Debug|x64
		{25C09109-5A4C-4584-A0A2-7507E7C19ED9}.Debug|x64.Build.0 = Debug|x64
		{25C09109-5A4C-4584-A0A2-7507E7C19ED9}.Debug|x86.ActiveCfg = Debug|x86
		{25C09109-5A4C-4584-A0A2-7507E7C19ED9}.Debug|x86.Build.0 = Debug|x86
		{25C09109-5A4C-4584-A0A2-7507E7C19ED9}.Release|Any CPU.ActiveCfg = Release|Any CPU
		{25C09109-5A4C-4584-A0A2-7507E7C19ED9}.Release|Any CPU.Build.0 = Release|Any CPU
		{25C09109-5A4C-4584-A0A2-7507E7C19ED9}.Release|x64.ActiveCfg = Release|x64
		{25C09109-5A4C-4584-A0A2-7507E7C19ED9}.Release|x64.Build.0 = Release|x64
		{25C09109-5A4C-4584-A0A2-7507E7C19ED9}.Release|x86.ActiveCfg = Release|x86
		{25C09109-5A4C-4584-A0A2-7507E7C19ED9}.Release|x86.Build.0 = Release|x86
		{2654BD66-562D-40D4-B97F-552F6A99EFB8}.Debug|Any CPU.ActiveCfg = Debug|Any CPU
		{2654BD66-562D-40D4-B97F-552F6A99EFB8}.Debug|Any CPU.Build.0 = Debug|Any CPU
		{2654BD66-562D-40D4-B97F-552F6A99EFB8}.Debug|x64.ActiveCfg = Debug|x64
		{2654BD66-562D-40D4-B97F-552F6A99EFB8}.Debug|x64.Build.0 = Debug|x64
		{2654BD66-562D-40D4-B97F-552F6A99EFB8}.Debug|x86.ActiveCfg = Debug|x86
		{2654BD66-562D-40D4-B97F-552F6A99EFB8}.Debug|x86.Build.0 = Debug|x86
		{2654BD66-562D-40D4-B97F-552F6A99EFB8}.Release|Any CPU.ActiveCfg = Release|Any CPU
		{2654BD66-562D-40D4-B97F-552F6A99EFB8}.Release|Any CPU.Build.0 = Release|Any CPU
		{2654BD66-562D-40D4-B97F-552F6A99EFB8}.Release|x64.ActiveCfg = Release|x64
		{2654BD66-562D-40D4-B97F-552F6A99EFB8}.Release|x64.Build.0 = Release|x64
		{2654BD66-562D-40D4-B97F-552F6A99EFB8}.Release|x86.ActiveCfg = Release|x86
		{2654BD66-562D-40D4-B97F-552F6A99EFB8}.Release|x86.Build.0 = Release|x86
		{29E3415A-431A-4ACE-B12A-49769331C04F}.Debug|Any CPU.ActiveCfg = Debug|Any CPU
		{29E3415A-431A-4ACE-B12A-49769331C04F}.Debug|Any CPU.Build.0 = Debug|Any CPU
		{29E3415A-431A-4ACE-B12A-49769331C04F}.Debug|x64.ActiveCfg = Debug|x64
		{29E3415A-431A-4ACE-B12A-49769331C04F}.Debug|x64.Build.0 = Debug|x64
		{29E3415A-431A-4ACE-B12A-49769331C04F}.Debug|x86.ActiveCfg = Debug|x86
		{29E3415A-431A-4ACE-B12A-49769331C04F}.Debug|x86.Build.0 = Debug|x86
		{29E3415A-431A-4ACE-B12A-49769331C04F}.Release|Any CPU.ActiveCfg = Release|Any CPU
		{29E3415A-431A-4ACE-B12A-49769331C04F}.Release|Any CPU.Build.0 = Release|Any CPU
		{29E3415A-431A-4ACE-B12A-49769331C04F}.Release|x64.ActiveCfg = Release|x64
		{29E3415A-431A-4ACE-B12A-49769331C04F}.Release|x64.Build.0 = Release|x64
		{29E3415A-431A-4ACE-B12A-49769331C04F}.Release|x86.ActiveCfg = Release|x86
		{29E3415A-431A-4ACE-B12A-49769331C04F}.Release|x86.Build.0 = Release|x86
		{85A2AF21-8EE6-424C-A4FC-5DE1C7CDE546}.Debug|Any CPU.ActiveCfg = Debug|Any CPU
		{85A2AF21-8EE6-424C-A4FC-5DE1C7CDE546}.Debug|Any CPU.Build.0 = Debug|Any CPU
		{85A2AF21-8EE6-424C-A4FC-5DE1C7CDE546}.Debug|x64.ActiveCfg = Debug|x64
		{85A2AF21-8EE6-424C-A4FC-5DE1C7CDE546}.Debug|x64.Build.0 = Debug|x64
		{85A2AF21-8EE6-424C-A4FC-5DE1C7CDE546}.Debug|x86.ActiveCfg = Debug|x86
		{85A2AF21-8EE6-424C-A4FC-5DE1C7CDE546}.Debug|x86.Build.0 = Debug|x86
		{85A2AF21-8EE6-424C-A4FC-5DE1C7CDE546}.Release|Any CPU.ActiveCfg = Release|Any CPU
		{85A2AF21-8EE6-424C-A4FC-5DE1C7CDE546}.Release|Any CPU.Build.0 = Release|Any CPU
		{85A2AF21-8EE6-424C-A4FC-5DE1C7CDE546}.Release|x64.ActiveCfg = Release|x64
		{85A2AF21-8EE6-424C-A4FC-5DE1C7CDE546}.Release|x64.Build.0 = Release|x64
		{85A2AF21-8EE6-424C-A4FC-5DE1C7CDE546}.Release|x86.ActiveCfg = Release|x86
		{85A2AF21-8EE6-424C-A4FC-5DE1C7CDE546}.Release|x86.Build.0 = Release|x86
		{E060912F-6375-4DA2-ABDA-874B844E8E2B}.Debug|Any CPU.ActiveCfg = Debug|Any CPU
		{E060912F-6375-4DA2-ABDA-874B844E8E2B}.Debug|Any CPU.Build.0 = Debug|Any CPU
		{E060912F-6375-4DA2-ABDA-874B844E8E2B}.Debug|x64.ActiveCfg = Debug|x64
		{E060912F-6375-4DA2-ABDA-874B844E8E2B}.Debug|x64.Build.0 = Debug|x64
		{E060912F-6375-4DA2-ABDA-874B844E8E2B}.Debug|x86.ActiveCfg = Debug|x86
		{E060912F-6375-4DA2-ABDA-874B844E8E2B}.Debug|x86.Build.0 = Debug|x86
		{E060912F-6375-4DA2-ABDA-874B844E8E2B}.Release|Any CPU.ActiveCfg = Release|Any CPU
		{E060912F-6375-4DA2-ABDA-874B844E8E2B}.Release|Any CPU.Build.0 = Release|Any CPU
		{E060912F-6375-4DA2-ABDA-874B844E8E2B}.Release|x64.ActiveCfg = Release|x64
		{E060912F-6375-4DA2-ABDA-874B844E8E2B}.Release|x64.Build.0 = Release|x64
		{E060912F-6375-4DA2-ABDA-874B844E8E2B}.Release|x86.ActiveCfg = Release|x86
		{E060912F-6375-4DA2-ABDA-874B844E8E2B}.Release|x86.Build.0 = Release|x86
		{C3D063D4-5A8A-401F-A6EE-FC946B478C48}.Debug|Any CPU.ActiveCfg = Debug|Any CPU
		{C3D063D4-5A8A-401F-A6EE-FC946B478C48}.Debug|Any CPU.Build.0 = Debug|Any CPU
		{C3D063D4-5A8A-401F-A6EE-FC946B478C48}.Debug|x64.ActiveCfg = Debug|x64
		{C3D063D4-5A8A-401F-A6EE-FC946B478C48}.Debug|x64.Build.0 = Debug|x64
		{C3D063D4-5A8A-401F-A6EE-FC946B478C48}.Debug|x86.ActiveCfg = Debug|x86
		{C3D063D4-5A8A-401F-A6EE-FC946B478C48}.Debug|x86.Build.0 = Debug|x86
		{C3D063D4-5A8A-401F-A6EE-FC946B478C48}.Release|Any CPU.ActiveCfg = Release|Any CPU
		{C3D063D4-5A8A-401F-A6EE-FC946B478C48}.Release|Any CPU.Build.0 = Release|Any CPU
		{C3D063D4-5A8A-401F-A6EE-FC946B478C48}.Release|x64.ActiveCfg = Release|x64
		{C3D063D4-5A8A-401F-A6EE-FC946B478C48}.Release|x64.Build.0 = Release|x64
		{C3D063D4-5A8A-401F-A6EE-FC946B478C48}.Release|x86.ActiveCfg = Release|x86
		{C3D063D4-5A8A-401F-A6EE-FC946B478C48}.Release|x86.Build.0 = Release|x86
		{4712B5BC-3C6D-47C1-9D2E-78B715EE54E3}.Debug|Any CPU.ActiveCfg = Debug|Any CPU
		{4712B5BC-3C6D-47C1-9D2E-78B715EE54E3}.Debug|Any CPU.Build.0 = Debug|Any CPU
		{4712B5BC-3C6D-47C1-9D2E-78B715EE54E3}.Debug|x64.ActiveCfg = Debug|x64
		{4712B5BC-3C6D-47C1-9D2E-78B715EE54E3}.Debug|x64.Build.0 = Debug|x64
		{4712B5BC-3C6D-47C1-9D2E-78B715EE54E3}.Debug|x86.ActiveCfg = Debug|x86
		{4712B5BC-3C6D-47C1-9D2E-78B715EE54E3}.Debug|x86.Build.0 = Debug|x86
		{4712B5BC-3C6D-47C1-9D2E-78B715EE54E3}.Release|Any CPU.ActiveCfg = Release|Any CPU
		{4712B5BC-3C6D-47C1-9D2E-78B715EE54E3}.Release|Any CPU.Build.0 = Release|Any CPU
		{4712B5BC-3C6D-47C1-9D2E-78B715EE54E3}.Release|x64.ActiveCfg = Release|x64
		{4712B5BC-3C6D-47C1-9D2E-78B715EE54E3}.Release|x64.Build.0 = Release|x64
		{4712B5BC-3C6D-47C1-9D2E-78B715EE54E3}.Release|x86.ActiveCfg = Release|x86
		{4712B5BC-3C6D-47C1-9D2E-78B715EE54E3}.Release|x86.Build.0 = Release|x86
		{A62D6DD1-806A-4239-8C43-4B87CDAE184B}.Debug|Any CPU.ActiveCfg = Debug|Any CPU
		{A62D6DD1-806A-4239-8C43-4B87CDAE184B}.Debug|Any CPU.Build.0 = Debug|Any CPU
		{A62D6DD1-806A-4239-8C43-4B87CDAE184B}.Debug|x64.ActiveCfg = Debug|x64
		{A62D6DD1-806A-4239-8C43-4B87CDAE184B}.Debug|x64.Build.0 = Debug|x64
		{A62D6DD1-806A-4239-8C43-4B87CDAE184B}.Debug|x86.ActiveCfg = Debug|x86
		{A62D6DD1-806A-4239-8C43-4B87CDAE184B}.Debug|x86.Build.0 = Debug|x86
		{A62D6DD1-806A-4239-8C43-4B87CDAE184B}.Release|Any CPU.ActiveCfg = Release|Any CPU
		{A62D6DD1-806A-4239-8C43-4B87CDAE184B}.Release|Any CPU.Build.0 = Release|Any CPU
		{A62D6DD1-806A-4239-8C43-4B87CDAE184B}.Release|x64.ActiveCfg = Release|x64
		{A62D6DD1-806A-4239-8C43-4B87CDAE184B}.Release|x64.Build.0 = Release|x64
		{A62D6DD1-806A-4239-8C43-4B87CDAE184B}.Release|x86.ActiveCfg = Release|x86
		{A62D6DD1-806A-4239-8C43-4B87CDAE184B}.Release|x86.Build.0 = Release|x86
		{768BD7F4-D64E-41D0-AA67-DD28EF7E77A7}.Debug|Any CPU.ActiveCfg = Debug|Any CPU
		{768BD7F4-D64E-41D0-AA67-DD28EF7E77A7}.Debug|Any CPU.Build.0 = Debug|Any CPU
		{768BD7F4-D64E-41D0-AA67-DD28EF7E77A7}.Debug|x64.ActiveCfg = Debug|x64
		{768BD7F4-D64E-41D0-AA67-DD28EF7E77A7}.Debug|x64.Build.0 = Debug|x64
		{768BD7F4-D64E-41D0-AA67-DD28EF7E77A7}.Debug|x86.ActiveCfg = Debug|x86
		{768BD7F4-D64E-41D0-AA67-DD28EF7E77A7}.Debug|x86.Build.0 = Debug|x86
		{768BD7F4-D64E-41D0-AA67-DD28EF7E77A7}.Release|Any CPU.ActiveCfg = Release|Any CPU
		{768BD7F4-D64E-41D0-AA67-DD28EF7E77A7}.Release|Any CPU.Build.0 = Release|Any CPU
		{768BD7F4-D64E-41D0-AA67-DD28EF7E77A7}.Release|x64.ActiveCfg = Release|x64
		{768BD7F4-D64E-41D0-AA67-DD28EF7E77A7}.Release|x64.Build.0 = Release|x64
		{768BD7F4-D64E-41D0-AA67-DD28EF7E77A7}.Release|x86.ActiveCfg = Release|x86
		{768BD7F4-D64E-41D0-AA67-DD28EF7E77A7}.Release|x86.Build.0 = Release|x86
		{84CA6271-40BC-49C3-9C06-AE29841CF3FA}.Debug|Any CPU.ActiveCfg = Debug|Any CPU
		{84CA6271-40BC-49C3-9C06-AE29841CF3FA}.Debug|Any CPU.Build.0 = Debug|Any CPU
		{84CA6271-40BC-49C3-9C06-AE29841CF3FA}.Debug|x64.ActiveCfg = Debug|x64
		{84CA6271-40BC-49C3-9C06-AE29841CF3FA}.Debug|x64.Build.0 = Debug|x64
		{84CA6271-40BC-49C3-9C06-AE29841CF3FA}.Debug|x86.ActiveCfg = Debug|x86
		{84CA6271-40BC-49C3-9C06-AE29841CF3FA}.Debug|x86.Build.0 = Debug|x86
		{84CA6271-40BC-49C3-9C06-AE29841CF3FA}.Release|Any CPU.ActiveCfg = Release|Any CPU
		{84CA6271-40BC-49C3-9C06-AE29841CF3FA}.Release|Any CPU.Build.0 = Release|Any CPU
		{84CA6271-40BC-49C3-9C06-AE29841CF3FA}.Release|x64.ActiveCfg = Release|x64
		{84CA6271-40BC-49C3-9C06-AE29841CF3FA}.Release|x64.Build.0 = Release|x64
		{84CA6271-40BC-49C3-9C06-AE29841CF3FA}.Release|x86.ActiveCfg = Release|x86
		{84CA6271-40BC-49C3-9C06-AE29841CF3FA}.Release|x86.Build.0 = Release|x86
		{2AB17748-7158-4BE9-BF17-D575B57AB43D}.Debug|Any CPU.ActiveCfg = Debug|Any CPU
		{2AB17748-7158-4BE9-BF17-D575B57AB43D}.Debug|Any CPU.Build.0 = Debug|Any CPU
		{2AB17748-7158-4BE9-BF17-D575B57AB43D}.Debug|x64.ActiveCfg = Debug|x64
		{2AB17748-7158-4BE9-BF17-D575B57AB43D}.Debug|x64.Build.0 = Debug|x64
		{2AB17748-7158-4BE9-BF17-D575B57AB43D}.Debug|x86.ActiveCfg = Debug|x86
		{2AB17748-7158-4BE9-BF17-D575B57AB43D}.Debug|x86.Build.0 = Debug|x86
		{2AB17748-7158-4BE9-BF17-D575B57AB43D}.Release|Any CPU.ActiveCfg = Release|Any CPU
		{2AB17748-7158-4BE9-BF17-D575B57AB43D}.Release|Any CPU.Build.0 = Release|Any CPU
		{2AB17748-7158-4BE9-BF17-D575B57AB43D}.Release|x64.ActiveCfg = Release|x64
		{2AB17748-7158-4BE9-BF17-D575B57AB43D}.Release|x64.Build.0 = Release|x64
		{2AB17748-7158-4BE9-BF17-D575B57AB43D}.Release|x86.ActiveCfg = Release|x86
		{2AB17748-7158-4BE9-BF17-D575B57AB43D}.Release|x86.Build.0 = Release|x86
		{93339F68-E04C-416F-A049-B88092B9F9BF}.Debug|Any CPU.ActiveCfg = Debug|Any CPU
		{93339F68-E04C-416F-A049-B88092B9F9BF}.Debug|Any CPU.Build.0 = Debug|Any CPU
		{93339F68-E04C-416F-A049-B88092B9F9BF}.Debug|x64.ActiveCfg = Debug|x64
		{93339F68-E04C-416F-A049-B88092B9F9BF}.Debug|x64.Build.0 = Debug|x64
		{93339F68-E04C-416F-A049-B88092B9F9BF}.Debug|x86.ActiveCfg = Debug|x86
		{93339F68-E04C-416F-A049-B88092B9F9BF}.Debug|x86.Build.0 = Debug|x86
		{93339F68-E04C-416F-A049-B88092B9F9BF}.Release|Any CPU.ActiveCfg = Release|Any CPU
		{93339F68-E04C-416F-A049-B88092B9F9BF}.Release|Any CPU.Build.0 = Release|Any CPU
		{93339F68-E04C-416F-A049-B88092B9F9BF}.Release|x64.ActiveCfg = Release|x64
		{93339F68-E04C-416F-A049-B88092B9F9BF}.Release|x64.Build.0 = Release|x64
		{93339F68-E04C-416F-A049-B88092B9F9BF}.Release|x86.ActiveCfg = Release|x86
		{93339F68-E04C-416F-A049-B88092B9F9BF}.Release|x86.Build.0 = Release|x86
		{6EB2EA0B-4E04-4985-9231-4CF80DEE996C}.Debug|Any CPU.ActiveCfg = Debug|Any CPU
		{6EB2EA0B-4E04-4985-9231-4CF80DEE996C}.Debug|Any CPU.Build.0 = Debug|Any CPU
		{6EB2EA0B-4E04-4985-9231-4CF80DEE996C}.Debug|x64.ActiveCfg = Debug|x64
		{6EB2EA0B-4E04-4985-9231-4CF80DEE996C}.Debug|x64.Build.0 = Debug|x64
		{6EB2EA0B-4E04-4985-9231-4CF80DEE996C}.Debug|x86.ActiveCfg = Debug|x86
		{6EB2EA0B-4E04-4985-9231-4CF80DEE996C}.Debug|x86.Build.0 = Debug|x86
		{6EB2EA0B-4E04-4985-9231-4CF80DEE996C}.Release|Any CPU.ActiveCfg = Release|Any CPU
		{6EB2EA0B-4E04-4985-9231-4CF80DEE996C}.Release|Any CPU.Build.0 = Release|Any CPU
		{6EB2EA0B-4E04-4985-9231-4CF80DEE996C}.Release|x64.ActiveCfg = Release|x64
		{6EB2EA0B-4E04-4985-9231-4CF80DEE996C}.Release|x64.Build.0 = Release|x64
		{6EB2EA0B-4E04-4985-9231-4CF80DEE996C}.Release|x86.ActiveCfg = Release|x86
		{6EB2EA0B-4E04-4985-9231-4CF80DEE996C}.Release|x86.Build.0 = Release|x86
		{93CC7414-F239-449C-BD70-9CA68E6CC97B}.Debug|Any CPU.ActiveCfg = Debug|Any CPU
		{93CC7414-F239-449C-BD70-9CA68E6CC97B}.Debug|Any CPU.Build.0 = Debug|Any CPU
		{93CC7414-F239-449C-BD70-9CA68E6CC97B}.Debug|x64.ActiveCfg = Debug|x64
		{93CC7414-F239-449C-BD70-9CA68E6CC97B}.Debug|x64.Build.0 = Debug|x64
		{93CC7414-F239-449C-BD70-9CA68E6CC97B}.Debug|x86.ActiveCfg = Debug|x86
		{93CC7414-F239-449C-BD70-9CA68E6CC97B}.Debug|x86.Build.0 = Debug|x86
		{93CC7414-F239-449C-BD70-9CA68E6CC97B}.Release|Any CPU.ActiveCfg = Release|Any CPU
		{93CC7414-F239-449C-BD70-9CA68E6CC97B}.Release|Any CPU.Build.0 = Release|Any CPU
		{93CC7414-F239-449C-BD70-9CA68E6CC97B}.Release|x64.ActiveCfg = Release|x64
		{93CC7414-F239-449C-BD70-9CA68E6CC97B}.Release|x64.Build.0 = Release|x64
		{93CC7414-F239-449C-BD70-9CA68E6CC97B}.Release|x86.ActiveCfg = Release|x86
		{93CC7414-F239-449C-BD70-9CA68E6CC97B}.Release|x86.Build.0 = Release|x86
		{93F42771-FECD-42A2-86EB-7AFF5153300E}.Debug|Any CPU.ActiveCfg = Debug|Any CPU
		{93F42771-FECD-42A2-86EB-7AFF5153300E}.Debug|Any CPU.Build.0 = Debug|Any CPU
		{93F42771-FECD-42A2-86EB-7AFF5153300E}.Debug|x64.ActiveCfg = Debug|x64
		{93F42771-FECD-42A2-86EB-7AFF5153300E}.Debug|x64.Build.0 = Debug|x64
		{93F42771-FECD-42A2-86EB-7AFF5153300E}.Debug|x86.ActiveCfg = Debug|x86
		{93F42771-FECD-42A2-86EB-7AFF5153300E}.Debug|x86.Build.0 = Debug|x86
		{93F42771-FECD-42A2-86EB-7AFF5153300E}.Release|Any CPU.ActiveCfg = Release|Any CPU
		{93F42771-FECD-42A2-86EB-7AFF5153300E}.Release|Any CPU.Build.0 = Release|Any CPU
		{93F42771-FECD-42A2-86EB-7AFF5153300E}.Release|x64.ActiveCfg = Release|x64
		{93F42771-FECD-42A2-86EB-7AFF5153300E}.Release|x64.Build.0 = Release|x64
		{93F42771-FECD-42A2-86EB-7AFF5153300E}.Release|x86.ActiveCfg = Release|x86
		{93F42771-FECD-42A2-86EB-7AFF5153300E}.Release|x86.Build.0 = Release|x86
		{6919533D-D38E-4E97-A156-A216F2C8E675}.Debug|Any CPU.ActiveCfg = Debug|Any CPU
		{6919533D-D38E-4E97-A156-A216F2C8E675}.Debug|Any CPU.Build.0 = Debug|Any CPU
		{6919533D-D38E-4E97-A156-A216F2C8E675}.Debug|x64.ActiveCfg = Debug|x64
		{6919533D-D38E-4E97-A156-A216F2C8E675}.Debug|x64.Build.0 = Debug|x64
		{6919533D-D38E-4E97-A156-A216F2C8E675}.Debug|x86.ActiveCfg = Debug|x86
		{6919533D-D38E-4E97-A156-A216F2C8E675}.Debug|x86.Build.0 = Debug|x86
		{6919533D-D38E-4E97-A156-A216F2C8E675}.Release|Any CPU.ActiveCfg = Release|Any CPU
		{6919533D-D38E-4E97-A156-A216F2C8E675}.Release|Any CPU.Build.0 = Release|Any CPU
		{6919533D-D38E-4E97-A156-A216F2C8E675}.Release|x64.ActiveCfg = Release|x64
		{6919533D-D38E-4E97-A156-A216F2C8E675}.Release|x64.Build.0 = Release|x64
		{6919533D-D38E-4E97-A156-A216F2C8E675}.Release|x86.ActiveCfg = Release|x86
		{6919533D-D38E-4E97-A156-A216F2C8E675}.Release|x86.Build.0 = Release|x86
		{CE13CB4A-3003-41D8-B252-B090129FEE9C}.Debug|Any CPU.ActiveCfg = Debug|Any CPU
		{CE13CB4A-3003-41D8-B252-B090129FEE9C}.Debug|Any CPU.Build.0 = Debug|Any CPU
		{CE13CB4A-3003-41D8-B252-B090129FEE9C}.Debug|x64.ActiveCfg = Debug|x64
		{CE13CB4A-3003-41D8-B252-B090129FEE9C}.Debug|x64.Build.0 = Debug|x64
		{CE13CB4A-3003-41D8-B252-B090129FEE9C}.Debug|x86.ActiveCfg = Debug|x86
		{CE13CB4A-3003-41D8-B252-B090129FEE9C}.Debug|x86.Build.0 = Debug|x86
		{CE13CB4A-3003-41D8-B252-B090129FEE9C}.Release|Any CPU.ActiveCfg = Release|Any CPU
		{CE13CB4A-3003-41D8-B252-B090129FEE9C}.Release|Any CPU.Build.0 = Release|Any CPU
		{CE13CB4A-3003-41D8-B252-B090129FEE9C}.Release|x64.ActiveCfg = Release|x64
		{CE13CB4A-3003-41D8-B252-B090129FEE9C}.Release|x64.Build.0 = Release|x64
		{CE13CB4A-3003-41D8-B252-B090129FEE9C}.Release|x86.ActiveCfg = Release|x86
		{CE13CB4A-3003-41D8-B252-B090129FEE9C}.Release|x86.Build.0 = Release|x86
		{5B630E50-5BCC-4BBA-B609-8D1498E73811}.Debug|Any CPU.ActiveCfg = Debug|Any CPU
		{5B630E50-5BCC-4BBA-B609-8D1498E73811}.Debug|Any CPU.Build.0 = Debug|Any CPU
		{5B630E50-5BCC-4BBA-B609-8D1498E73811}.Debug|x64.ActiveCfg = Debug|x64
		{5B630E50-5BCC-4BBA-B609-8D1498E73811}.Debug|x64.Build.0 = Debug|x64
		{5B630E50-5BCC-4BBA-B609-8D1498E73811}.Debug|x86.ActiveCfg = Debug|x86
		{5B630E50-5BCC-4BBA-B609-8D1498E73811}.Debug|x86.Build.0 = Debug|x86
		{5B630E50-5BCC-4BBA-B609-8D1498E73811}.Release|Any CPU.ActiveCfg = Release|Any CPU
		{5B630E50-5BCC-4BBA-B609-8D1498E73811}.Release|Any CPU.Build.0 = Release|Any CPU
		{5B630E50-5BCC-4BBA-B609-8D1498E73811}.Release|x64.ActiveCfg = Release|x64
		{5B630E50-5BCC-4BBA-B609-8D1498E73811}.Release|x64.Build.0 = Release|x64
		{5B630E50-5BCC-4BBA-B609-8D1498E73811}.Release|x86.ActiveCfg = Release|x86
		{5B630E50-5BCC-4BBA-B609-8D1498E73811}.Release|x86.Build.0 = Release|x86
		{E4142B5B-F528-4DF6-BECD-DD09DF395AD5}.Debug|Any CPU.ActiveCfg = Debug|Any CPU
		{E4142B5B-F528-4DF6-BECD-DD09DF395AD5}.Debug|Any CPU.Build.0 = Debug|Any CPU
		{E4142B5B-F528-4DF6-BECD-DD09DF395AD5}.Debug|x64.ActiveCfg = Debug|x64
		{E4142B5B-F528-4DF6-BECD-DD09DF395AD5}.Debug|x64.Build.0 = Debug|x64
		{E4142B5B-F528-4DF6-BECD-DD09DF395AD5}.Debug|x86.ActiveCfg = Debug|x86
		{E4142B5B-F528-4DF6-BECD-DD09DF395AD5}.Debug|x86.Build.0 = Debug|x86
		{E4142B5B-F528-4DF6-BECD-DD09DF395AD5}.Release|Any CPU.ActiveCfg = Release|Any CPU
		{E4142B5B-F528-4DF6-BECD-DD09DF395AD5}.Release|Any CPU.Build.0 = Release|Any CPU
		{E4142B5B-F528-4DF6-BECD-DD09DF395AD5}.Release|x64.ActiveCfg = Release|x64
		{E4142B5B-F528-4DF6-BECD-DD09DF395AD5}.Release|x64.Build.0 = Release|x64
		{E4142B5B-F528-4DF6-BECD-DD09DF395AD5}.Release|x86.ActiveCfg = Release|x86
		{E4142B5B-F528-4DF6-BECD-DD09DF395AD5}.Release|x86.Build.0 = Release|x86
	EndGlobalSection
EndGlobal
